
Microsoft Visual Studio Solution File, Format Version 12.00
# Visual Studio Version 17
VisualStudioVersion = 17.9.34728.123
MinimumVisualStudioVersion = 10.0.40219.1
Project("{9A19103F-16F7-4668-BE54-9A1E7A4F7556}") = "Sifp_Vue.Server", "Sifp_Vue.Server\Sifp_Vue.Server.csproj", "{1B4F8C2D-6E3A-4F51-9C77-2D8A5E1B3F60}"
EndProject
Project("{54A90642-561A-4BB1-A94E-469ADEE60C69}") = "sifp_vue.client", "sifp_vue.client\sifp_vue.client.esproj", "{7C2E9A14-3B58-4D62-A190-6F4B8C05D273}"
EndProject
Global
	GlobalSection(SolutionConfigurationPlatforms) = preSolution
		Debug|Any CPU = Debug|Any CPU
		Release|Any CPU = Release|Any CPU
	EndGlobalSection
	GlobalSection(ProjectConfigurationPlatforms) = postSolution
		{1B4F8C2D-6E3A-4F51-9C77-2D8A5E1B3F60}.Debug|Any CPU.ActiveCfg = Debug|Any CPU
		{1B4F8C2D-6E3A-4F51-9C77-2D8A5E1B3F60}.Debug|Any CPU.Build.0 = Debug|Any CPU
		{1B4F8C2D-6E3A-4F51-9C77-2D8A5E1B3F60}.Release|Any CPU.ActiveCfg = Release|Any CPU
		{1B4F8C2D-6E3A-4F51-9C77-2D8A5E1B3F60}.Release|Any CPU.Build.0 = Release|Any CPU
		{7C2E9A14-3B58-4D62-A190-6F4B8C05D273}.Debug|Any CPU.ActiveCfg = Debug|Any CPU
		{7C2E9A14-3B58-4D62-A190-6F4B8C05D273}.Debug|Any CPU.Build.0 = Debug|Any CPU
		{7C2E9A14-3B58-4D62-A190-6F4B8C05D273}.Debug|Any CPU.Deploy.0 = Debug|Any CPU
		{7C2E9A14-3B58-4D62-A190-6F4B8C05D273}.Release|Any CPU.ActiveCfg = Release|Any CPU
		{7C2E9A14-3B58-4D62-A190-6F4B8C05D273}.Release|Any CPU.Build.0 = Release|Any CPU
		{7C2E9A14-3B58-4D62-A190-6F4B8C05D273}.Release|Any CPU.Deploy.0 = Release|Any CPU
	EndGlobalSection
	GlobalSection(SolutionProperties) = preSolution
		HideSolutionNode = FALSE
	EndGlobalSection
	GlobalSection(ExtensibilityGlobals) = postSolution
		SolutionGuid = {9E5D3A78-4C21-4B6F-8E93-1A7C2F5D0B84}
	EndGlobalSection
EndGlobal
